// !$*UTF8*$!
{
	archiveVersion = 1;
	classes = {
	};
	objectVersion = 56;
	objects = {

/* Begin PBXBuildFile section */
		E758E0612A5B7BE100FA017F /* BookingCardView.swift in Sources */ = {isa = PBXBuildFile; fileRef = E758E0602A5B7BE100FA017F /* BookingCardView.swift */; };
		E758E0632A5B7C3700FA017F /* BookingHotelsItemRows.swift in Sources */ = {isa = PBXBuildFile; fileRef = E758E0622A5B7C3700FA017F /* BookingHotelsItemRows.swift */; };
		E758E0652A5C044700FA017F /* BookingCategory.swift in Sources */ = {isa = PBXBuildFile; fileRef = E758E0642A5C044700FA017F /* BookingCategory.swift */; };
		E758E0672A5C053100FA017F /* HotelButton.swift in Sources */ = {isa = PBXBuildFile; fileRef = E758E0662A5C053100FA017F /* HotelButton.swift */; };
		E758E0692A5C057200FA017F /* Cart.swift in Sources */ = {isa = PBXBuildFile; fileRef = E758E0682A5C057200FA017F /* Cart.swift */; };
		E758E06B2A5C05B100FA017F /* BookingHotelCartButton.swift in Sources */ = {isa = PBXBuildFile; fileRef = E758E06A2A5C05B100FA017F /* BookingHotelCartButton.swift */; };
		E758E06D2A5C3DF200FA017F /* NotificationViewModel.swift in Sources */ = {isa = PBXBuildFile; fileRef = E758E06C2A5C3DF200FA017F /* NotificationViewModel.swift */; };
		E758E06F2A5C3EAA00FA017F /* Notification.swift in Sources */ = {isa = PBXBuildFile; fileRef = E758E06E2A5C3EAA00FA017F /* Notification.swift */; };
		E758E0762A5D70CC00FA017F /* HolidayBookingViewModel.swift in Sources */ = {isa = PBXBuildFile; fileRef = E758E0752A5D70CC00FA017F /* HolidayBookingViewModel.swift */; };
		E758E0782A5D71BC00FA017F /* Holidays.swift in Sources */ = {isa = PBXBuildFile; fileRef = E758E0772A5D71BC00FA017F /* Holidays.swift */; };
		E758E07A2A5D751F00FA017F /* Events.swift in Sources */ = {isa = PBXBuildFile; fileRef = E758E0792A5D751F00FA017F /* Events.swift */; };
		E758E0B32A5ED8D000FA017F /* Card.swift in Sources */ = {isa = PBXBuildFile; fileRef = E758E0B22A5ED8D000FA017F /* Card.swift */; };
		E78F2C812A559976003518A6 /* TravelJobFinderApp.swift in Sources */ = {isa = PBXBuildFile; fileRef = E78F2C802A559976003518A6 /* TravelJobFinderApp.swift */; };
		E78F2C832A559976003518A6 /* ContentView.swift in Sources */ = {isa = PBXBuildFile; fileRef = E78F2C822A559976003518A6 /* ContentView.swift */; };
		E78F2C852A559978003518A6 /* Assets.xcassets in Resources */ = {isa = PBXBuildFile; fileRef = E78F2C842A559978003518A6 /* Assets.xcassets */; };
		E78F2C882A559978003518A6 /* Preview Assets.xcassets in Resources */ = {isa = PBXBuildFile; fileRef = E78F2C872A559978003518A6 /* Preview Assets.xcassets */; };
		E78F2C922A559978003518A6 /* TravelJobFinderTests.swift in Sources */ = {isa = PBXBuildFile; fileRef = E78F2C912A559978003518A6 /* TravelJobFinderTests.swift */; };
		E78F2C9C2A559978003518A6 /* TravelJobFinderUITests.swift in Sources */ = {isa = PBXBuildFile; fileRef = E78F2C9B2A559978003518A6 /* TravelJobFinderUITests.swift */; };
		E78F2C9E2A559978003518A6 /* TravelJobFinderUITestsLaunchTests.swift in Sources */ = {isa = PBXBuildFile; fileRef = E78F2C9D2A559978003518A6 /* TravelJobFinderUITestsLaunchTests.swift */; };
		E78F2CAB2A5599A2003518A6 /* Home.swift in Sources */ = {isa = PBXBuildFile; fileRef = E78F2CAA2A5599A2003518A6 /* Home.swift */; };
		E78F2CAD2A5599CE003518A6 /* Main.swift in Sources */ = {isa = PBXBuildFile; fileRef = E78F2CAC2A5599CE003518A6 /* Main.swift */; };
		E78F2CAF2A5599F3003518A6 /* SideMenu.swift in Sources */ = {isa = PBXBuildFile; fileRef = E78F2CAE2A5599F3003518A6 /* SideMenu.swift */; };
		E78F2CB12A559A12003518A6 /* TabButton.swift in Sources */ = {isa = PBXBuildFile; fileRef = E78F2CB02A559A12003518A6 /* TabButton.swift */; };
		E78F2CB32A559A54003518A6 /* CustomCorner.swift in Sources */ = {isa = PBXBuildFile; fileRef = E78F2CB22A559A54003518A6 /* CustomCorner.swift */; };
		E78F2CB62A559AC9003518A6 /* Splash.swift in Sources */ = {isa = PBXBuildFile; fileRef = E78F2CB52A559AC9003518A6 /* Splash.swift */; };
		E78F2CB92A55A428003518A6 /* AuthService.swift in Sources */ = {isa = PBXBuildFile; fileRef = E78F2CB82A55A428003518A6 /* AuthService.swift */; };
		E78F2CBC2A55A562003518A6 /* FirebaseAuth in Frameworks */ = {isa = PBXBuildFile; productRef = E78F2CBB2A55A562003518A6 /* FirebaseAuth */; };
		E78F2CBE2A55A562003518A6 /* FirebaseDatabase in Frameworks */ = {isa = PBXBuildFile; productRef = E78F2CBD2A55A562003518A6 /* FirebaseDatabase */; };
		E78F2CC02A55A562003518A6 /* FirebaseDatabaseSwift in Frameworks */ = {isa = PBXBuildFile; productRef = E78F2CBF2A55A562003518A6 /* FirebaseDatabaseSwift */; };
		E78F2CC22A55A562003518A6 /* FirebaseFirestore in Frameworks */ = {isa = PBXBuildFile; productRef = E78F2CC12A55A562003518A6 /* FirebaseFirestore */; };
		E78F2CC42A55A562003518A6 /* FirebaseFirestoreSwift in Frameworks */ = {isa = PBXBuildFile; productRef = E78F2CC32A55A562003518A6 /* FirebaseFirestoreSwift */; };
		E78F2CC62A55A562003518A6 /* FirebaseStorage in Frameworks */ = {isa = PBXBuildFile; productRef = E78F2CC52A55A562003518A6 /* FirebaseStorage */; };
		E78F2CC92A55A5AD003518A6 /* OnboardingRules.swift in Sources */ = {isa = PBXBuildFile; fileRef = E78F2CC82A55A5AD003518A6 /* OnboardingRules.swift */; };
		E78F2CCB2A55AB89003518A6 /* GoogleService-Info.plist in Resources */ = {isa = PBXBuildFile; fileRef = E78F2CCA2A55AB89003518A6 /* GoogleService-Info.plist */; };
		E78F2CD02A55F636003518A6 /* LoginView.swift in Sources */ = {isa = PBXBuildFile; fileRef = E78F2CCF2A55F636003518A6 /* LoginView.swift */; };
		E78F2CD32A55F971003518A6 /* OnboardingView.swift in Sources */ = {isa = PBXBuildFile; fileRef = E78F2CD22A55F971003518A6 /* OnboardingView.swift */; };
		E78F2CD62A5814C2003518A6 /* HotelListView.swift in Sources */ = {isa = PBXBuildFile; fileRef = E78F2CD52A5814C2003518A6 /* HotelListView.swift */; };
		E78F2CD82A5815CB003518A6 /* HotelDetailView.swift in Sources */ = {isa = PBXBuildFile; fileRef = E78F2CD72A5815CB003518A6 /* HotelDetailView.swift */; };
		E78F2CDB2A581D78003518A6 /* HotelViewModel.swift in Sources */ = {isa = PBXBuildFile; fileRef = E78F2CDA2A581D78003518A6 /* HotelViewModel.swift */; };
		E78F2CDE2A581D9C003518A6 /* Hotel.swift in Sources */ = {isa = PBXBuildFile; fileRef = E78F2CDD2A581D9C003518A6 /* Hotel.swift */; };
		E78F2CE12A581DDD003518A6 /* PrivacyPolicyView.swift in Sources */ = {isa = PBXBuildFile; fileRef = E78F2CE02A581DDD003518A6 /* PrivacyPolicyView.swift */; };
		E78F2CE42A581E21003518A6 /* TermsOfServiceView.swift in Sources */ = {isa = PBXBuildFile; fileRef = E78F2CE32A581E21003518A6 /* TermsOfServiceView.swift */; };
		E78F2CE72A581E6D003518A6 /* ChangePasswordView.swift in Sources */ = {isa = PBXBuildFile; fileRef = E78F2CE62A581E6D003518A6 /* ChangePasswordView.swift */; };
		E78F2CEA2A581FD5003518A6 /* CreateProfileView.swift in Sources */ = {isa = PBXBuildFile; fileRef = E78F2CE92A581FD5003518A6 /* CreateProfileView.swift */; };
		E78F2CED2A582048003518A6 /* NewsPage.swift in Sources */ = {isa = PBXBuildFile; fileRef = E78F2CEC2A582048003518A6 /* NewsPage.swift */; };
		E78F2CF02A582155003518A6 /* SettingView.swift in Sources */ = {isa = PBXBuildFile; fileRef = E78F2CEF2A582155003518A6 /* SettingView.swift */; };
		E78F2CF72A5822F2003518A6 /* Help.swift in Sources */ = {isa = PBXBuildFile; fileRef = E78F2CF62A5822F2003518A6 /* Help.swift */; };
		E78F2CFB2A5830D5003518A6 /* ConstantsForFlightButton.swift in Sources */ = {isa = PBXBuildFile; fileRef = E78F2CFA2A5830D5003518A6 /* ConstantsForFlightButton.swift */; };
		E78F2CFE2A5A3176003518A6 /* EmptyStateView.swift in Sources */ = {isa = PBXBuildFile; fileRef = E78F2CFD2A5A3176003518A6 /* EmptyStateView.swift */; };
		E78F2D002A5A31EE003518A6 /* JobView.swift in Sources */ = {isa = PBXBuildFile; fileRef = E78F2CFF2A5A31EE003518A6 /* JobView.swift */; };
		E78F2D022A5A3253003518A6 /* JobDetailView.swift in Sources */ = {isa = PBXBuildFile; fileRef = E78F2D012A5A3253003518A6 /* JobDetailView.swift */; };
		E78F2D042A5A3286003518A6 /* JobRow.swift in Sources */ = {isa = PBXBuildFile; fileRef = E78F2D032A5A3286003518A6 /* JobRow.swift */; };
		E78F2D062A5A32C7003518A6 /* JobResponse.swift in Sources */ = {isa = PBXBuildFile; fileRef = E78F2D052A5A32C7003518A6 /* JobResponse.swift */; };
		E78F2D082A5A32E8003518A6 /* DataModel.swift in Sources */ = {isa = PBXBuildFile; fileRef = E78F2D072A5A32E8003518A6 /* DataModel.swift */; };
		E78F2D0B2A5A334F003518A6 /* Alamofire in Frameworks */ = {isa = PBXBuildFile; productRef = E78F2D0A2A5A334F003518A6 /* Alamofire */; };
		E78F2D0D2A5A338B003518A6 /* JobListViewModel.swift in Sources */ = {isa = PBXBuildFile; fileRef = E78F2D0C2A5A338B003518A6 /* JobListViewModel.swift */; };
		E78F2D102A5A4D49003518A6 /* SearchBar3.swift in Sources */ = {isa = PBXBuildFile; fileRef = E78F2D0F2A5A4D49003518A6 /* SearchBar3.swift */; };
		E78F2D122A5A4D8C003518A6 /* PayButtonView.swift in Sources */ = {isa = PBXBuildFile; fileRef = E78F2D112A5A4D8C003518A6 /* PayButtonView.swift */; };
		E78F2D142A5A4DB0003518A6 /* BookingCardButton.swift in Sources */ = {isa = PBXBuildFile; fileRef = E78F2D132A5A4DB0003518A6 /* BookingCardButton.swift */; };
		E78F2D162A5A4DD1003518A6 /* ActivityTripView.swift in Sources */ = {isa = PBXBuildFile; fileRef = E78F2D152A5A4DD1003518A6 /* ActivityTripView.swift */; };
		E78F2D182A5A4DF8003518A6 /* DetailActivityView.swift in Sources */ = {isa = PBXBuildFile; fileRef = E78F2D172A5A4DF8003518A6 /* DetailActivityView.swift */; };
		E78F2D1A2A5A4E19003518A6 /* ActivityButton.swift in Sources */ = {isa = PBXBuildFile; fileRef = E78F2D192A5A4E19003518A6 /* ActivityButton.swift */; };
		E78F2D1C2A5A4E3D003518A6 /* DetailActivityRow.swift in Sources */ = {isa = PBXBuildFile; fileRef = E78F2D1B2A5A4E3D003518A6 /* DetailActivityRow.swift */; };
		E78F2D1E2A5A4E85003518A6 /* TripTypeViewModel.swift in Sources */ = {isa = PBXBuildFile; fileRef = E78F2D1D2A5A4E85003518A6 /* TripTypeViewModel.swift */; };
		E78F2D202A5A4EB7003518A6 /* Activities.swift in Sources */ = {isa = PBXBuildFile; fileRef = E78F2D1F2A5A4EB7003518A6 /* Activities.swift */; };
		E78F2D222A5A4F56003518A6 /* CircleGroupView.swift in Sources */ = {isa = PBXBuildFile; fileRef = E78F2D212A5A4F56003518A6 /* CircleGroupView.swift */; };
		E78F2D242A5A4FE3003518A6 /* ConstantsForTripButton.swift in Sources */ = {isa = PBXBuildFile; fileRef = E78F2D232A5A4FE3003518A6 /* ConstantsForTripButton.swift */; };
		E78F2D262A5A8D53003518A6 /* Flights.swift in Sources */ = {isa = PBXBuildFile; fileRef = E78F2D252A5A8D53003518A6 /* Flights.swift */; };
		E78F2D282A5B3C2D003518A6 /* FlightTypeViewModel.swift in Sources */ = {isa = PBXBuildFile; fileRef = E78F2D272A5B3C2D003518A6 /* FlightTypeViewModel.swift */; };
		E78F2D2A2A5B3CBE003518A6 /* FlightDetailView.swift in Sources */ = {isa = PBXBuildFile; fileRef = E78F2D292A5B3CBE003518A6 /* FlightDetailView.swift */; };
		E78F2D2C2A5B3CF6003518A6 /* FlightListView.swift in Sources */ = {isa = PBXBuildFile; fileRef = E78F2D2B2A5B3CF6003518A6 /* FlightListView.swift */; };
		E78F2D2E2A5B3D23003518A6 /* CountdownCircle.swift in Sources */ = {isa = PBXBuildFile; fileRef = E78F2D2D2A5B3D23003518A6 /* CountdownCircle.swift */; };
		E78F2D302A5B3D55003518A6 /* FlightButton.swift in Sources */ = {isa = PBXBuildFile; fileRef = E78F2D2F2A5B3D55003518A6 /* FlightButton.swift */; };
		E78F2D322A5B3D6B003518A6 /* FlightItemRow.swift in Sources */ = {isa = PBXBuildFile; fileRef = E78F2D312A5B3D6B003518A6 /* FlightItemRow.swift */; };
		E78F2D342A5B4259003518A6 /* MemberDataViewModel.swift in Sources */ = {isa = PBXBuildFile; fileRef = E78F2D332A5B4259003518A6 /* MemberDataViewModel.swift */; };
		E78F2D372A5B42B1003518A6 /* MemberContainer.xcdatamodeld in Sources */ = {isa = PBXBuildFile; fileRef = E78F2D352A5B42B1003518A6 /* MemberContainer.xcdatamodeld */; };
/* End PBXBuildFile section */

/* Begin PBXContainerItemProxy section */
		E78F2C8E2A559978003518A6 /* PBXContainerItemProxy */ = {
			isa = PBXContainerItemProxy;
			containerPortal = E78F2C752A559976003518A6 /* Project object */;
			proxyType = 1;
			remoteGlobalIDString = E78F2C7C2A559976003518A6;
			remoteInfo = TravelJobFinder;
		};
		E78F2C982A559978003518A6 /* PBXContainerItemProxy */ = {
			isa = PBXContainerItemProxy;
			containerPortal = E78F2C752A559976003518A6 /* Project object */;
			proxyType = 1;
			remoteGlobalIDString = E78F2C7C2A559976003518A6;
			remoteInfo = TravelJobFinder;
		};
/* End PBXContainerItemProxy section */

/* Begin PBXFileReference section */
		E758E0602A5B7BE100FA017F /* BookingCardView.swift */ = {isa = PBXFileReference; lastKnownFileType = sourcecode.swift; path = BookingCardView.swift; sourceTree = "<group>"; };
		E758E0622A5B7C3700FA017F /* BookingHotelsItemRows.swift */ = {isa = PBXFileReference; lastKnownFileType = sourcecode.swift; path = BookingHotelsItemRows.swift; sourceTree = "<group>"; };
		E758E0642A5C044700FA017F /* BookingCategory.swift */ = {isa = PBXFileReference; lastKnownFileType = sourcecode.swift; path = BookingCategory.swift; sourceTree = "<group>"; };
		E758E0662A5C053100FA017F /* HotelButton.swift */ = {isa = PBXFileReference; lastKnownFileType = sourcecode.swift; path = HotelButton.swift; sourceTree = "<group>"; };
		E758E0682A5C057200FA017F /* Cart.swift */ = {isa = PBXFileReference; lastKnownFileType = sourcecode.swift; path = Cart.swift; sourceTree = "<group>"; };
		E758E06A2A5C05B100FA017F /* BookingHotelCartButton.swift */ = {isa = PBXFileReference; lastKnownFileType = sourcecode.swift; path = BookingHotelCartButton.swift; sourceTree = "<group>"; };
		E758E06C2A5C3DF200FA017F /* NotificationViewModel.swift */ = {isa = PBXFileReference; lastKnownFileType = sourcecode.swift; path = NotificationViewModel.swift; sourceTree = "<group>"; };
		E758E06E2A5C3EAA00FA017F /* Notification.swift */ = {isa = PBXFileReference; lastKnownFileType = sourcecode.swift; path = Notification.swift; sourceTree = "<group>"; };
		E758E0752A5D70CC00FA017F /* HolidayBookingViewModel.swift */ = {isa = PBXFileReference; lastKnownFileType = sourcecode.swift; path = HolidayBookingViewModel.swift; sourceTree = "<group>"; };
		E758E0772A5D71BC00FA017F /* Holidays.swift */ = {isa = PBXFileReference; lastKnownFileType = sourcecode.swift; path = Holidays.swift; sourceTree = "<group>"; };
		E758E0792A5D751F00FA017F /* Events.swift */ = {isa = PBXFileReference; lastKnownFileType = sourcecode.swift; path = Events.swift; sourceTree = "<group>"; };
		E758E0B22A5ED8D000FA017F /* Card.swift */ = {isa = PBXFileReference; lastKnownFileType = sourcecode.swift; path = Card.swift; sourceTree = "<group>"; };
		E78F2C7D2A559976003518A6 /* TravelJobFinder.app */ = {isa = PBXFileReference; explicitFileType = wrapper.application; includeInIndex = 0; path = TravelJobFinder.app; sourceTree = BUILT_PRODUCTS_DIR; };
		E78F2C802A559976003518A6 /* TravelJobFinderApp.swift */ = {isa = PBXFileReference; lastKnownFileType = sourcecode.swift; path = TravelJobFinderApp.swift; sourceTree = "<group>"; };
		E78F2C822A559976003518A6 /* ContentView.swift */ = {isa = PBXFileReference; lastKnownFileType = sourcecode.swift; path = ContentView.swift; sourceTree = "<group>"; };
		E78F2C842A559978003518A6 /* Assets.xcassets */ = {isa = PBXFileReference; lastKnownFileType = folder.assetcatalog; path = Assets.xcassets; sourceTree = "<group>"; };
		E78F2C872A559978003518A6 /* Preview Assets.xcassets */ = {isa = PBXFileReference; lastKnownFileType = folder.assetcatalog; path = "Preview Assets.xcassets"; sourceTree = "<group>"; };
		E78F2C8D2A559978003518A6 /* TravelJobFinderTests.xctest */ = {isa = PBXFileReference; explicitFileType = wrapper.cfbundle; includeInIndex = 0; path = TravelJobFinderTests.xctest; sourceTree = BUILT_PRODUCTS_DIR; };
		E78F2C912A559978003518A6 /* TravelJobFinderTests.swift */ = {isa = PBXFileReference; lastKnownFileType = sourcecode.swift; path = TravelJobFinderTests.swift; sourceTree = "<group>"; };
		E78F2C972A559978003518A6 /* TravelJobFinderUITests.xctest */ = {isa = PBXFileReference; explicitFileType = wrapper.cfbundle; includeInIndex = 0; path = TravelJobFinderUITests.xctest; sourceTree = BUILT_PRODUCTS_DIR; };
		E78F2C9B2A559978003518A6 /* TravelJobFinderUITests.swift */ = {isa = PBXFileReference; lastKnownFileType = sourcecode.swift; path = TravelJobFinderUITests.swift; sourceTree = "<group>"; };
		E78F2C9D2A559978003518A6 /* TravelJobFinderUITestsLaunchTests.swift */ = {isa = PBXFileReference; lastKnownFileType = sourcecode.swift; path = TravelJobFinderUITestsLaunchTests.swift; sourceTree = "<group>"; };
		E78F2CAA2A5599A2003518A6 /* Home.swift */ = {isa = PBXFileReference; lastKnownFileType = sourcecode.swift; path = Home.swift; sourceTree = "<group>"; };
		E78F2CAC2A5599CE003518A6 /* Main.swift */ = {isa = PBXFileReference; lastKnownFileType = sourcecode.swift; path = Main.swift; sourceTree = "<group>"; };
		E78F2CAE2A5599F3003518A6 /* SideMenu.swift */ = {isa = PBXFileReference; lastKnownFileType = sourcecode.swift; path = SideMenu.swift; sourceTree = "<group>"; };
		E78F2CB02A559A12003518A6 /* TabButton.swift */ = {isa = PBXFileReference; lastKnownFileType = sourcecode.swift; path = TabButton.swift; sourceTree = "<group>"; };
		E78F2CB22A559A54003518A6 /* CustomCorner.swift */ = {isa = PBXFileReference; lastKnownFileType = sourcecode.swift; path = CustomCorner.swift; sourceTree = "<group>"; };
		E78F2CB52A559AC9003518A6 /* Splash.swift */ = {isa = PBXFileReference; lastKnownFileType = sourcecode.swift; path = Splash.swift; sourceTree = "<group>"; };
		E78F2CB82A55A428003518A6 /* AuthService.swift */ = {isa = PBXFileReference; lastKnownFileType = sourcecode.swift; path = AuthService.swift; sourceTree = "<group>"; };
		E78F2CC82A55A5AD003518A6 /* OnboardingRules.swift */ = {isa = PBXFileReference; lastKnownFileType = sourcecode.swift; path = OnboardingRules.swift; sourceTree = "<group>"; };
		E78F2CCA2A55AB89003518A6 /* GoogleService-Info.plist */ = {isa = PBXFileReference; fileEncoding = 4; lastKnownFileType = text.plist.xml; path = "GoogleService-Info.plist"; sourceTree = "<group>"; };
		E78F2CCF2A55F636003518A6 /* LoginView.swift */ = {isa = PBXFileReference; lastKnownFileType = sourcecode.swift; path = LoginView.swift; sourceTree = "<group>"; };
		E78F2CD22A55F971003518A6 /* OnboardingView.swift */ = {isa = PBXFileReference; lastKnownFileType = sourcecode.swift; path = OnboardingView.swift; sourceTree = "<group>"; };
		E78F2CD52A5814C2003518A6 /* HotelListView.swift */ = {isa = PBXFileReference; lastKnownFileType = sourcecode.swift; path = HotelListView.swift; sourceTree = "<group>"; };
		E78F2CD72A5815CB003518A6 /* HotelDetailView.swift */ = {isa = PBXFileReference; lastKnownFileType = sourcecode.swift; path = HotelDetailView.swift; sourceTree = "<group>"; };
		E78F2CDA2A581D78003518A6 /* HotelViewModel.swift */ = {isa = PBXFileReference; lastKnownFileType = sourcecode.swift; path = HotelViewModel.swift; sourceTree = "<group>"; };
		E78F2CDD2A581D9C003518A6 /* Hotel.swift */ = {isa = PBXFileReference; lastKnownFileType = sourcecode.swift; path = Hotel.swift; sourceTree = "<group>"; };
		E78F2CE02A581DDD003518A6 /* PrivacyPolicyView.swift */ = {isa = PBXFileReference; lastKnownFileType = sourcecode.swift; path = PrivacyPolicyView.swift; sourceTree = "<group>"; };
		E78F2CE32A581E21003518A6 /* TermsOfServiceView.swift */ = {isa = PBXFileReference; lastKnownFileType = sourcecode.swift; path = TermsOfServiceView.swift; sourceTree = "<group>"; };
		E78F2CE62A581E6D003518A6 /* ChangePasswordView.swift */ = {isa = PBXFileReference; lastKnownFileType = sourcecode.swift; path = ChangePasswordView.swift; sourceTree = "<group>"; };
		E78F2CE92A581FD5003518A6 /* CreateProfileView.swift */ = {isa = PBXFileReference; lastKnownFileType = sourcecode.swift; path = CreateProfileView.swift; sourceTree = "<group>"; };
		E78F2CEC2A582048003518A6 /* NewsPage.swift */ = {isa = PBXFileReference; lastKnownFileType = sourcecode.swift; path = NewsPage.swift; sourceTree = "<group>"; };
		E78F2CEF2A582155003518A6 /* SettingView.swift */ = {isa = PBXFileReference; lastKnownFileType = sourcecode.swift; path = SettingView.swift; sourceTree = "<group>"; };
		E78F2CF62A5822F2003518A6 /* Help.swift */ = {isa = PBXFileReference; lastKnownFileType = sourcecode.swift; path = Help.swift; sourceTree = "<group>"; };
		E78F2CFA2A5830D5003518A6 /* ConstantsForFlightButton.swift */ = {isa = PBXFileReference; lastKnownFileType = sourcecode.swift; path = ConstantsForFlightButton.swift; sourceTree = "<group>"; };
		E78F2CFD2A5A3176003518A6 /* EmptyStateView.swift */ = {isa = PBXFileReference; lastKnownFileType = sourcecode.swift; path = EmptyStateView.swift; sourceTree = "<group>"; };
		E78F2CFF2A5A31EE003518A6 /* JobView.swift */ = {isa = PBXFileReference; lastKnownFileType = sourcecode.swift; path = JobView.swift; sourceTree = "<group>"; };
		E78F2D012A5A3253003518A6 /* JobDetailView.swift */ = {isa = PBXFileReference; lastKnownFileType = sourcecode.swift; path = JobDetailView.swift; sourceTree = "<group>"; };
		E78F2D032A5A3286003518A6 /* JobRow.swift */ = {isa = PBXFileReference; lastKnownFileType = sourcecode.swift; path = JobRow.swift; sourceTree = "<group>"; };
		E78F2D052A5A32C7003518A6 /* JobResponse.swift */ = {isa = PBXFileReference; lastKnownFileType = sourcecode.swift; path = JobResponse.swift; sourceTree = "<group>"; };
		E78F2D072A5A32E8003518A6 /* DataModel.swift */ = {isa = PBXFileReference; lastKnownFileType = sourcecode.swift; path = DataModel.swift; sourceTree = "<group>"; };
		E78F2D0C2A5A338B003518A6 /* JobListViewModel.swift */ = {isa = PBXFileReference; lastKnownFileType = sourcecode.swift; path = JobListViewModel.swift; sourceTree = "<group>"; };
		E78F2D0F2A5A4D49003518A6 /* SearchBar3.swift */ = {isa = PBXFileReference; lastKnownFileType = sourcecode.swift; path = SearchBar3.swift; sourceTree = "<group>"; };
		E78F2D112A5A4D8C003518A6 /* PayButtonView.swift */ = {isa = PBXFileReference; lastKnownFileType = sourcecode.swift; path = PayButtonView.swift; sourceTree = "<group>"; };
		E78F2D132A5A4DB0003518A6 /* BookingCardButton.swift */ = {isa = PBXFileReference; lastKnownFileType = sourcecode.swift; path = BookingCardButton.swift; sourceTree = "<group>"; };
		E78F2D152A5A4DD1003518A6 /* ActivityTripView.swift */ = {isa = PBXFileReference; lastKnownFileType = sourcecode.swift; path = ActivityTripView.swift; sourceTree = "<group>"; };
		E78F2D172A5A4DF8003518A6 /* DetailActivityView.swift */ = {isa = PBXFileReference; lastKnownFileType = sourcecode.swift; path = DetailActivityView.swift; sourceTree = "<group>"; };
		E78F2D192A5A4E19003518A6 /* ActivityButton.swift */ = {isa = PBXFileReference; lastKnownFileType = sourcecode.swift; path = ActivityButton.swift; sourceTree = "<group>"; };
		E78F2D1B2A5A4E3D003518A6 /* DetailActivityRow.swift */ = {isa = PBXFileReference; lastKnownFileType = sourcecode.swift; path = DetailActivityRow.swift; sourceTree = "<group>"; };
		E78F2D1D2A5A4E85003518A6 /* TripTypeViewModel.swift */ = {isa = PBXFileReference; lastKnownFileType = sourcecode.swift; path = TripTypeViewModel.swift; sourceTree = "<group>"; };
		E78F2D1F2A5A4EB7003518A6 /* Activities.swift */ = {isa = PBXFileReference; lastKnownFileType = sourcecode.swift; path = Activities.swift; sourceTree = "<group>"; };
		E78F2D212A5A4F56003518A6 /* CircleGroupView.swift */ = {isa = PBXFileReference; lastKnownFileType = sourcecode.swift; path = CircleGroupView.swift; sourceTree = "<group>"; };
		E78F2D232A5A4FE3003518A6 /* ConstantsForTripButton.swift */ = {isa = PBXFileReference; lastKnownFileType = sourcecode.swift; path = ConstantsForTripButton.swift; sourceTree = "<group>"; };
		E78F2D252A5A8D53003518A6 /* Flights.swift */ = {isa = PBXFileReference; lastKnownFileType = sourcecode.swift; path = Flights.swift; sourceTree = "<group>"; };
		E78F2D272A5B3C2D003518A6 /* FlightTypeViewModel.swift */ = {isa = PBXFileReference; lastKnownFileType = sourcecode.swift; path = FlightTypeViewModel.swift; sourceTree = "<group>"; };
		E78F2D292A5B3CBE003518A6 /* FlightDetailView.swift */ = {isa = PBXFileReference; lastKnownFileType = sourcecode.swift; path = FlightDetailView.swift; sourceTree = "<group>"; };
		E78F2D2B2A5B3CF6003518A6 /* FlightListView.swift */ = {isa = PBXFileReference; lastKnownFileType = sourcecode.swift; path = FlightListView.swift; sourceTree = "<group>"; };
		E78F2D2D2A5B3D23003518A6 /* CountdownCircle.swift */ = {isa = PBXFileReference; lastKnownFileType = sourcecode.swift; path = CountdownCircle.swift; sourceTree = "<group>"; };
		E78F2D2F2A5B3D55003518A6 /* FlightButton.swift */ = {isa = PBXFileReference; lastKnownFileType = sourcecode.swift; path = FlightButton.swift; sourceTree = "<group>"; };
		E78F2D312A5B3D6B003518A6 /* FlightItemRow.swift */ = {isa = PBXFileReference; lastKnownFileType = sourcecode.swift; path = FlightItemRow.swift; sourceTree = "<group>"; };
		E78F2D332A5B4259003518A6 /* MemberDataViewModel.swift */ = {isa = PBXFileReference; lastKnownFileType = sourcecode.swift; path = MemberDataViewModel.swift; sourceTree = "<group>"; };
		E78F2D362A5B42B1003518A6 /* MemberContainer.xcdatamodel */ = {isa = PBXFileReference; lastKnownFileType = wrapper.xcdatamodel; path = MemberContainer.xcdatamodel; sourceTree = "<group>"; };
/* End PBXFileReference section */

/* Begin PBXFrameworksBuildPhase section */
		E78F2C7A2A559976003518A6 /* Frameworks */ = {
			isa = PBXFrameworksBuildPhase;
			buildActionMask = 2147483647;
			files = (
				E78F2CC42A55A562003518A6 /* FirebaseFirestoreSwift in Frameworks */,
				E78F2D0B2A5A334F003518A6 /* Alamofire in Frameworks */,
				E78F2CC02A55A562003518A6 /* FirebaseDatabaseSwift in Frameworks */,
				E78F2CC22A55A562003518A6 /* FirebaseFirestore in Frameworks */,
				E78F2CBE2A55A562003518A6 /* FirebaseDatabase in Frameworks */,
				E78F2CBC2A55A562003518A6 /* FirebaseAuth in Frameworks */,
				E78F2CC62A55A562003518A6 /* FirebaseStorage in Frameworks */,
			);
			runOnlyForDeploymentPostprocessing = 0;
		};
		E78F2C8A2A559978003518A6 /* Frameworks */ = {
			isa = PBXFrameworksBuildPhase;
			buildActionMask = 2147483647;
			files = (
			);
			runOnlyForDeploymentPostprocessing = 0;
		};
		E78F2C942A559978003518A6 /* Frameworks */ = {
			isa = PBXFrameworksBuildPhase;
			buildActionMask = 2147483647;
			files = (
			);
			runOnlyForDeploymentPostprocessing = 0;
		};
/* End PBXFrameworksBuildPhase section */

/* Begin PBXGroup section */
		E758E0B12A5E288800FA017F /* Views */ = {
			isa = PBXGroup;
			children = (
				E78F2CE52A581E54003518A6 /* ChangePassword */,
				E78F2CB42A559AB7003518A6 /* StartApp */,
				E78F2CCE2A55F621003518A6 /* Authendification */,
				E78F2CF82A582973003518A6 /* MemberArea */,
			);
			path = Views;
			sourceTree = "<group>";
		};
		E78F2C742A559976003518A6 = {
			isa = PBXGroup;
			children = (
				E78F2D352A5B42B1003518A6 /* MemberContainer.xcdatamodeld */,
				E78F2CCA2A55AB89003518A6 /* GoogleService-Info.plist */,
				E78F2C7F2A559976003518A6 /* TravelJobFinder */,
				E78F2C902A559978003518A6 /* TravelJobFinderTests */,
				E78F2C9A2A559978003518A6 /* TravelJobFinderUITests */,
				E78F2C7E2A559976003518A6 /* Products */,
			);
			sourceTree = "<group>";
		};
		E78F2C7E2A559976003518A6 /* Products */ = {
			isa = PBXGroup;
			children = (
				E78F2C7D2A559976003518A6 /* TravelJobFinder.app */,
				E78F2C8D2A559978003518A6 /* TravelJobFinderTests.xctest */,
				E78F2C972A559978003518A6 /* TravelJobFinderUITests.xctest */,
			);
			name = Products;
			sourceTree = "<group>";
		};
		E78F2C7F2A559976003518A6 /* TravelJobFinder */ = {
			isa = PBXGroup;
			children = (
				E758E0B12A5E288800FA017F /* Views */,
				E78F2CF32A582234003518A6 /* CustomCorner */,
				E78F2CDC2A581D90003518A6 /* Models */,
				E78F2CD92A581D60003518A6 /* ViewModels */,
				E78F2CCD2A55DEC7003518A6 /* ContentView */,
				E78F2C802A559976003518A6 /* TravelJobFinderApp.swift */,
				E78F2C842A559978003518A6 /* Assets.xcassets */,
				E78F2C862A559978003518A6 /* Preview Content */,
				E78F2CAA2A5599A2003518A6 /* Home.swift */,
				E758E0602A5B7BE100FA017F /* BookingCardView.swift */,
			);
			path = TravelJobFinder;
			sourceTree = "<group>";
		};
		E78F2C862A559978003518A6 /* Preview Content */ = {
			isa = PBXGroup;
			children = (
				E78F2C872A559978003518A6 /* Preview Assets.xcassets */,
			);
			path = "Preview Content";
			sourceTree = "<group>";
		};
		E78F2C902A559978003518A6 /* TravelJobFinderTests */ = {
			isa = PBXGroup;
			children = (
				E78F2C912A559978003518A6 /* TravelJobFinderTests.swift */,
			);
			path = TravelJobFinderTests;
			sourceTree = "<group>";
		};
		E78F2C9A2A559978003518A6 /* TravelJobFinderUITests */ = {
			isa = PBXGroup;
			children = (
				E78F2C9B2A559978003518A6 /* TravelJobFinderUITests.swift */,
				E78F2C9D2A559978003518A6 /* TravelJobFinderUITestsLaunchTests.swift */,
			);
			path = TravelJobFinderUITests;
			sourceTree = "<group>";
		};
		E78F2CB42A559AB7003518A6 /* StartApp */ = {
			isa = PBXGroup;
			children = (
				E78F2CCC2A55DEA6003518A6 /* Start */,
				E78F2CD12A55F959003518A6 /* OnboardingView */,
				E78F2CC72A55A58F003518A6 /* OnboardingRules */,
			);
			path = StartApp;
			sourceTree = "<group>";
		};
		E78F2CB72A55A416003518A6 /* AuthService */ = {
			isa = PBXGroup;
			children = (
				E78F2CB82A55A428003518A6 /* AuthService.swift */,
			);
			path = AuthService;
			sourceTree = "<group>";
		};
		E78F2CC72A55A58F003518A6 /* OnboardingRules */ = {
			isa = PBXGroup;
			children = (
				E78F2CC82A55A5AD003518A6 /* OnboardingRules.swift */,
			);
			path = OnboardingRules;
			sourceTree = "<group>";
		};
		E78F2CCC2A55DEA6003518A6 /* Start */ = {
			isa = PBXGroup;
			children = (
				E78F2CB52A559AC9003518A6 /* Splash.swift */,
			);
			path = Start;
			sourceTree = "<group>";
		};
		E78F2CCD2A55DEC7003518A6 /* ContentView */ = {
			isa = PBXGroup;
			children = (
				E78F2C822A559976003518A6 /* ContentView.swift */,
			);
			path = ContentView;
			sourceTree = "<group>";
		};
		E78F2CCE2A55F621003518A6 /* Authendification */ = {
			isa = PBXGroup;
			children = (
				E78F2CB72A55A416003518A6 /* AuthService */,
				E78F2CCF2A55F636003518A6 /* LoginView.swift */,
			);
			path = Authendification;
			sourceTree = "<group>";
		};
		E78F2CD12A55F959003518A6 /* OnboardingView */ = {
			isa = PBXGroup;
			children = (
				E78F2CD22A55F971003518A6 /* OnboardingView.swift */,
			);
			path = OnboardingView;
			sourceTree = "<group>";
		};
		E78F2CD42A5814A9003518A6 /* Hotels */ = {
			isa = PBXGroup;
			children = (
				E78F2CD52A5814C2003518A6 /* HotelListView.swift */,
				E78F2CD72A5815CB003518A6 /* HotelDetailView.swift */,
				E758E0622A5B7C3700FA017F /* BookingHotelsItemRows.swift */,
				E758E0662A5C053100FA017F /* HotelButton.swift */,
				E758E0682A5C057200FA017F /* Cart.swift */,
				E758E06A2A5C05B100FA017F /* BookingHotelCartButton.swift */,
			);
			path = Hotels;
			sourceTree = "<group>";
		};
		E78F2CD92A581D60003518A6 /* ViewModels */ = {
			isa = PBXGroup;
			children = (
				E78F2CDA2A581D78003518A6 /* HotelViewModel.swift */,
				E78F2D0C2A5A338B003518A6 /* JobListViewModel.swift */,
				E78F2D1D2A5A4E85003518A6 /* TripTypeViewModel.swift */,
				E78F2D272A5B3C2D003518A6 /* FlightTypeViewModel.swift */,
				E78F2D332A5B4259003518A6 /* MemberDataViewModel.swift */,
				E758E06C2A5C3DF200FA017F /* NotificationViewModel.swift */,
				E758E0752A5D70CC00FA017F /* HolidayBookingViewModel.swift */,
			);
			path = ViewModels;
			sourceTree = "<group>";
		};
		E78F2CDC2A581D90003518A6 /* Models */ = {
			isa = PBXGroup;
			children = (
				E78F2CDD2A581D9C003518A6 /* Hotel.swift */,
				E78F2D052A5A32C7003518A6 /* JobResponse.swift */,
				E78F2D072A5A32E8003518A6 /* DataModel.swift */,
				E78F2D1F2A5A4EB7003518A6 /* Activities.swift */,
				E78F2D252A5A8D53003518A6 /* Flights.swift */,
				E758E0642A5C044700FA017F /* BookingCategory.swift */,
				E758E06E2A5C3EAA00FA017F /* Notification.swift */,
				E758E0772A5D71BC00FA017F /* Holidays.swift */,
				E758E0792A5D751F00FA017F /* Events.swift */,
				E758E0B22A5ED8D000FA017F /* Card.swift */,
			);
			path = Models;
			sourceTree = "<group>";
		};
		E78F2CDF2A581DD1003518A6 /* PrivacyPolicy */ = {
			isa = PBXGroup;
			children = (
				E78F2CE02A581DDD003518A6 /* PrivacyPolicyView.swift */,
			);
			path = PrivacyPolicy;
			sourceTree = "<group>";
		};
		E78F2CE22A581E11003518A6 /* TermsOfService */ = {
			isa = PBXGroup;
			children = (
				E78F2CE32A581E21003518A6 /* TermsOfServiceView.swift */,
			);
			path = TermsOfService;
			sourceTree = "<group>";
		};
		E78F2CE52A581E54003518A6 /* ChangePassword */ = {
			isa = PBXGroup;
			children = (
				E78F2CE62A581E6D003518A6 /* ChangePasswordView.swift */,
			);
			name = ChangePassword;
			path = ..;
			sourceTree = "<group>";
		};
		E78F2CE82A581EAC003518A6 /* CreateProfil */ = {
			isa = PBXGroup;
			children = (
				E78F2CE92A581FD5003518A6 /* CreateProfileView.swift */,
			);
			path = CreateProfil;
			sourceTree = "<group>";
		};
		E78F2CEB2A582032003518A6 /* TravelNews */ = {
			isa = PBXGroup;
			children = (
				E78F2CEC2A582048003518A6 /* NewsPage.swift */,
			);
			path = TravelNews;
			sourceTree = "<group>";
		};
		E78F2CEE2A582136003518A6 /* Settings */ = {
			isa = PBXGroup;
			children = (
				E78F2CEF2A582155003518A6 /* SettingView.swift */,
			);
			path = Settings;
			sourceTree = "<group>";
		};
		E78F2CF12A5821E5003518A6 /* SideMenu */ = {
			isa = PBXGroup;
			children = (
				E78F2CAE2A5599F3003518A6 /* SideMenu.swift */,
			);
			path = SideMenu;
			sourceTree = "<group>";
		};
		E78F2CF22A5821F2003518A6 /* TabButton */ = {
			isa = PBXGroup;
			children = (
				E78F2CB02A559A12003518A6 /* TabButton.swift */,
			);
			path = TabButton;
			sourceTree = "<group>";
		};
		E78F2CF32A582234003518A6 /* CustomCorner */ = {
			isa = PBXGroup;
			children = (
				E78F2CB22A559A54003518A6 /* CustomCorner.swift */,
			);
			path = CustomCorner;
			sourceTree = "<group>";
		};
		E78F2CF42A582246003518A6 /* Main */ = {
			isa = PBXGroup;
			children = (
				E78F2CAC2A5599CE003518A6 /* Main.swift */,
			);
			path = Main;
			sourceTree = "<group>";
		};
		E78F2CF52A5822E2003518A6 /* Support */ = {
			isa = PBXGroup;
			children = (
				E78F2CF62A5822F2003518A6 /* Help.swift */,
			);
			path = Support;
			sourceTree = "<group>";
		};
		E78F2CF82A582973003518A6 /* MemberArea */ = {
			isa = PBXGroup;
			children = (
				E78F2D0E2A5A4D15003518A6 /* Events */,
				E78F2CFC2A5A3161003518A6 /* Jobsearching */,
				E78F2CF92A5830A7003518A6 /* Flüge */,
				E78F2CD42A5814A9003518A6 /* Hotels */,
				E78F2CF22A5821F2003518A6 /* TabButton */,
				E78F2CE22A581E11003518A6 /* TermsOfService */,
				E78F2CDF2A581DD1003518A6 /* PrivacyPolicy */,
				E78F2CEB2A582032003518A6 /* TravelNews */,
				E78F2CE82A581EAC003518A6 /* CreateProfil */,
				E78F2CEE2A582136003518A6 /* Settings */,
				E78F2CF12A5821E5003518A6 /* SideMenu */,
				E78F2CF52A5822E2003518A6 /* Support */,
				E78F2CF42A582246003518A6 /* Main */,
			);
			path = MemberArea;
			sourceTree = "<group>";
		};
		E78F2CF92A5830A7003518A6 /* Flüge */ = {
			isa = PBXGroup;
			children = (
				E78F2CFA2A5830D5003518A6 /* ConstantsForFlightButton.swift */,
				E78F2D292A5B3CBE003518A6 /* FlightDetailView.swift */,
				E78F2D2B2A5B3CF6003518A6 /* FlightListView.swift */,
				E78F2D2D2A5B3D23003518A6 /* CountdownCircle.swift */,
				E78F2D2F2A5B3D55003518A6 /* FlightButton.swift */,
				E78F2D312A5B3D6B003518A6 /* FlightItemRow.swift */,
			);
			name = "Flüge";
			path = "Flüge";
			sourceTree = "<group>";
		};
		E78F2CFC2A5A3161003518A6 /* Jobsearching */ = {
			isa = PBXGroup;
			children = (
				E78F2CFD2A5A3176003518A6 /* EmptyStateView.swift */,
				E78F2CFF2A5A31EE003518A6 /* JobView.swift */,
				E78F2D012A5A3253003518A6 /* JobDetailView.swift */,
				E78F2D032A5A3286003518A6 /* JobRow.swift */,
			);
			path = Jobsearching;
			sourceTree = "<group>";
		};
		E78F2D0E2A5A4D15003518A6 /* Events */ = {
			isa = PBXGroup;
			children = (
				E78F2D0F2A5A4D49003518A6 /* SearchBar3.swift */,
				E78F2D112A5A4D8C003518A6 /* PayButtonView.swift */,
				E78F2D132A5A4DB0003518A6 /* BookingCardButton.swift */,
				E78F2D152A5A4DD1003518A6 /* ActivityTripView.swift */,
				E78F2D172A5A4DF8003518A6 /* DetailActivityView.swift */,
				E78F2D192A5A4E19003518A6 /* ActivityButton.swift */,
				E78F2D1B2A5A4E3D003518A6 /* DetailActivityRow.swift */,
				E78F2D212A5A4F56003518A6 /* CircleGroupView.swift */,
				E78F2D232A5A4FE3003518A6 /* ConstantsForTripButton.swift */,
			);
			path = Events;
			sourceTree = "<group>";
		};
/* End PBXGroup section */

/* Begin PBXNativeTarget section */
		E78F2C7C2A559976003518A6 /* TravelJobFinder */ = {
			isa = PBXNativeTarget;
			buildConfigurationList = E78F2CA12A559978003518A6 /* Build configuration list for PBXNativeTarget "TravelJobFinder" */;
			buildPhases = (
				E78F2C792A559976003518A6 /* Sources */,
				E78F2C7A2A559976003518A6 /* Frameworks */,
				E78F2C7B2A559976003518A6 /* Resources */,
			);
			buildRules = (
			);
			dependencies = (
			);
			name = TravelJobFinder;
			packageProductDependencies = (
				E78F2CBB2A55A562003518A6 /* FirebaseAuth */,
				E78F2CBD2A55A562003518A6 /* FirebaseDatabase */,
				E78F2CBF2A55A562003518A6 /* FirebaseDatabaseSwift */,
				E78F2CC12A55A562003518A6 /* FirebaseFirestore */,
				E78F2CC32A55A562003518A6 /* FirebaseFirestoreSwift */,
				E78F2CC52A55A562003518A6 /* FirebaseStorage */,
				E78F2D0A2A5A334F003518A6 /* Alamofire */,
			);
			productName = TravelJobFinder;
			productReference = E78F2C7D2A559976003518A6 /* TravelJobFinder.app */;
			productType = "com.apple.product-type.application";
		};
		E78F2C8C2A559978003518A6 /* TravelJobFinderTests */ = {
			isa = PBXNativeTarget;
			buildConfigurationList = E78F2CA42A559978003518A6 /* Build configuration list for PBXNativeTarget "TravelJobFinderTests" */;
			buildPhases = (
				E78F2C892A559978003518A6 /* Sources */,
				E78F2C8A2A559978003518A6 /* Frameworks */,
				E78F2C8B2A559978003518A6 /* Resources */,
			);
			buildRules = (
			);
			dependencies = (
				E78F2C8F2A559978003518A6 /* PBXTargetDependency */,
			);
			name = TravelJobFinderTests;
			productName = TravelJobFinderTests;
			productReference = E78F2C8D2A559978003518A6 /* TravelJobFinderTests.xctest */;
			productType = "com.apple.product-type.bundle.unit-test";
		};
		E78F2C962A559978003518A6 /* TravelJobFinderUITests */ = {
			isa = PBXNativeTarget;
			buildConfigurationList = E78F2CA72A559978003518A6 /* Build configuration list for PBXNativeTarget "TravelJobFinderUITests" */;
			buildPhases = (
				E78F2C932A559978003518A6 /* Sources */,
				E78F2C942A559978003518A6 /* Frameworks */,
				E78F2C952A559978003518A6 /* Resources */,
			);
			buildRules = (
			);
			dependencies = (
				E78F2C992A559978003518A6 /* PBXTargetDependency */,
			);
			name = TravelJobFinderUITests;
			productName = TravelJobFinderUITests;
			productReference = E78F2C972A559978003518A6 /* TravelJobFinderUITests.xctest */;
			productType = "com.apple.product-type.bundle.ui-testing";
		};
/* End PBXNativeTarget section */

/* Begin PBXProject section */
		E78F2C752A559976003518A6 /* Project object */ = {
			isa = PBXProject;
			attributes = {
				BuildIndependentTargetsInParallel = 1;
				LastSwiftUpdateCheck = 1430;
				LastUpgradeCheck = 1430;
				TargetAttributes = {
					E78F2C7C2A559976003518A6 = {
						CreatedOnToolsVersion = 14.3.1;
					};
					E78F2C8C2A559978003518A6 = {
						CreatedOnToolsVersion = 14.3.1;
						TestTargetID = E78F2C7C2A559976003518A6;
					};
					E78F2C962A559978003518A6 = {
						CreatedOnToolsVersion = 14.3.1;
						TestTargetID = E78F2C7C2A559976003518A6;
					};
				};
			};
			buildConfigurationList = E78F2C782A559976003518A6 /* Build configuration list for PBXProject "TravelJobFinder" */;
			compatibilityVersion = "Xcode 14.0";
			developmentRegion = en;
			hasScannedForEncodings = 0;
			knownRegions = (
				en,
				Base,
			);
			mainGroup = E78F2C742A559976003518A6;
			packageReferences = (
				E78F2CBA2A55A562003518A6 /* XCRemoteSwiftPackageReference "firebase-ios-sdk" */,
				E78F2D092A5A334F003518A6 /* XCRemoteSwiftPackageReference "Alamofire" */,
			);
			productRefGroup = E78F2C7E2A559976003518A6 /* Products */;
			projectDirPath = "";
			projectRoot = "";
			targets = (
				E78F2C7C2A559976003518A6 /* TravelJobFinder */,
				E78F2C8C2A559978003518A6 /* TravelJobFinderTests */,
				E78F2C962A559978003518A6 /* TravelJobFinderUITests */,
			);
		};
/* End PBXProject section */

/* Begin PBXResourcesBuildPhase section */
		E78F2C7B2A559976003518A6 /* Resources */ = {
			isa = PBXResourcesBuildPhase;
			buildActionMask = 2147483647;
			files = (
				E78F2C882A559978003518A6 /* Preview Assets.xcassets in Resources */,
				E78F2C852A559978003518A6 /* Assets.xcassets in Resources */,
				E78F2CCB2A55AB89003518A6 /* GoogleService-Info.plist in Resources */,
			);
			runOnlyForDeploymentPostprocessing = 0;
		};
		E78F2C8B2A559978003518A6 /* Resources */ = {
			isa = PBXResourcesBuildPhase;
			buildActionMask = 2147483647;
			files = (
			);
			runOnlyForDeploymentPostprocessing = 0;
		};
		E78F2C952A559978003518A6 /* Resources */ = {
			isa = PBXResourcesBuildPhase;
			buildActionMask = 2147483647;
			files = (
			);
			runOnlyForDeploymentPostprocessing = 0;
		};
/* End PBXResourcesBuildPhase section */

/* Begin PBXSourcesBuildPhase section */
		E78F2C792A559976003518A6 /* Sources */ = {
			isa = PBXSourcesBuildPhase;
			buildActionMask = 2147483647;
			files = (
				E78F2D282A5B3C2D003518A6 /* FlightTypeViewModel.swift in Sources */,
				E78F2D002A5A31EE003518A6 /* JobView.swift in Sources */,
				E78F2CE12A581DDD003518A6 /* PrivacyPolicyView.swift in Sources */,
				E78F2CD62A5814C2003518A6 /* HotelListView.swift in Sources */,
				E78F2D2E2A5B3D23003518A6 /* CountdownCircle.swift in Sources */,
				E78F2C832A559976003518A6 /* ContentView.swift in Sources */,
				E758E0612A5B7BE100FA017F /* BookingCardView.swift in Sources */,
				E78F2CDE2A581D9C003518A6 /* Hotel.swift in Sources */,
				E78F2D372A5B42B1003518A6 /* MemberContainer.xcdatamodeld in Sources */,
				E78F2D082A5A32E8003518A6 /* DataModel.swift in Sources */,
				E78F2CAB2A5599A2003518A6 /* Home.swift in Sources */,
				E758E0782A5D71BC00FA017F /* Holidays.swift in Sources */,
				E78F2CB62A559AC9003518A6 /* Splash.swift in Sources */,
				E78F2D202A5A4EB7003518A6 /* Activities.swift in Sources */,
				E78F2D102A5A4D49003518A6 /* SearchBar3.swift in Sources */,
				E78F2CB92A55A428003518A6 /* AuthService.swift in Sources */,
				E78F2D182A5A4DF8003518A6 /* DetailActivityView.swift in Sources */,
				E78F2D1A2A5A4E19003518A6 /* ActivityButton.swift in Sources */,
				E78F2CED2A582048003518A6 /* NewsPage.swift in Sources */,
				E758E0672A5C053100FA017F /* HotelButton.swift in Sources */,
				E758E0762A5D70CC00FA017F /* HolidayBookingViewModel.swift in Sources */,
				E78F2CC92A55A5AD003518A6 /* OnboardingRules.swift in Sources */,
				E78F2CAF2A5599F3003518A6 /* SideMenu.swift in Sources */,
				E78F2D142A5A4DB0003518A6 /* BookingCardButton.swift in Sources */,
				E78F2CB12A559A12003518A6 /* TabButton.swift in Sources */,
				E78F2D062A5A32C7003518A6 /* JobResponse.swift in Sources */,
				E78F2CDB2A581D78003518A6 /* HotelViewModel.swift in Sources */,
				E78F2CFE2A5A3176003518A6 /* EmptyStateView.swift in Sources */,
				E78F2D302A5B3D55003518A6 /* FlightButton.swift in Sources */,
				E78F2CB32A559A54003518A6 /* CustomCorner.swift in Sources */,
				E78F2D022A5A3253003518A6 /* JobDetailView.swift in Sources */,
				E78F2D1E2A5A4E85003518A6 /* TripTypeViewModel.swift in Sources */,
				E78F2D0D2A5A338B003518A6 /* JobListViewModel.swift in Sources */,
				E758E0692A5C057200FA017F /* Cart.swift in Sources */,
				E78F2D322A5B3D6B003518A6 /* FlightItemRow.swift in Sources */,
				E78F2CD02A55F636003518A6 /* LoginView.swift in Sources */,
				E78F2D342A5B4259003518A6 /* MemberDataViewModel.swift in Sources */,
				E758E0B32A5ED8D000FA017F /* Card.swift in Sources */,
				E78F2D242A5A4FE3003518A6 /* ConstantsForTripButton.swift in Sources */,
				E78F2D2C2A5B3CF6003518A6 /* FlightListView.swift in Sources */,
				E78F2CD82A5815CB003518A6 /* HotelDetailView.swift in Sources */,
				E78F2D162A5A4DD1003518A6 /* ActivityTripView.swift in Sources */,
				E78F2CEA2A581FD5003518A6 /* CreateProfileView.swift in Sources */,
				E78F2CD32A55F971003518A6 /* OnboardingView.swift in Sources */,
				E78F2D1C2A5A4E3D003518A6 /* DetailActivityRow.swift in Sources */,
				E78F2CAD2A5599CE003518A6 /* Main.swift in Sources */,
				E78F2C812A559976003518A6 /* TravelJobFinderApp.swift in Sources */,
				E78F2D042A5A3286003518A6 /* JobRow.swift in Sources */,
				E78F2D222A5A4F56003518A6 /* CircleGroupView.swift in Sources */,
				E758E0632A5B7C3700FA017F /* BookingHotelsItemRows.swift in Sources */,
				E758E06B2A5C05B100FA017F /* BookingHotelCartButton.swift in Sources */,
				E758E0652A5C044700FA017F /* BookingCategory.swift in Sources */,
				E78F2D262A5A8D53003518A6 /* Flights.swift in Sources */,
				E758E06F2A5C3EAA00FA017F /* Notification.swift in Sources */,
				E78F2D2A2A5B3CBE003518A6 /* FlightDetailView.swift in Sources */,
				E78F2D122A5A4D8C003518A6 /* PayButtonView.swift in Sources */,
				E78F2CE42A581E21003518A6 /* TermsOfServiceView.swift in Sources */,
				E78F2CE72A581E6D003518A6 /* ChangePasswordView.swift in Sources */,
				E78F2CF02A582155003518A6 /* SettingView.swift in Sources */,
				E758E07A2A5D751F00FA017F /* Events.swift in Sources */,
				E78F2CF72A5822F2003518A6 /* Help.swift in Sources */,
				E78F2CFB2A5830D5003518A6 /* ConstantsForFlightButton.swift in Sources */,
				E758E06D2A5C3DF200FA017F /* NotificationViewModel.swift in Sources */,
			);
			runOnlyForDeploymentPostprocessing = 0;
		};
		E78F2C892A559978003518A6 /* Sources */ = {
			isa = PBXSourcesBuildPhase;
			buildActionMask = 2147483647;
			files = (
				E78F2C922A559978003518A6 /* TravelJobFinderTests.swift in Sources */,
			);
			runOnlyForDeploymentPostprocessing = 0;
		};
		E78F2C932A559978003518A6 /* Sources */ = {
			isa = PBXSourcesBuildPhase;
			buildActionMask = 2147483647;
			files = (
				E78F2C9E2A559978003518A6 /* TravelJobFinderUITestsLaunchTests.swift in Sources */,
				E78F2C9C2A559978003518A6 /* TravelJobFinderUITests.swift in Sources */,
			);
			runOnlyForDeploymentPostprocessing = 0;
		};
/* End PBXSourcesBuildPhase section */

/* Begin PBXTargetDependency section */
		E78F2C8F2A559978003518A6 /* PBXTargetDependency */ = {
			isa = PBXTargetDependency;
			target = E78F2C7C2A559976003518A6 /* TravelJobFinder */;
			targetProxy = E78F2C8E2A559978003518A6 /* PBXContainerItemProxy */;
		};
		E78F2C992A559978003518A6 /* PBXTargetDependency */ = {
			isa = PBXTargetDependency;
			target = E78F2C7C2A559976003518A6 /* TravelJobFinder */;
			targetProxy = E78F2C982A559978003518A6 /* PBXContainerItemProxy */;
		};
/* End PBXTargetDependency section */

/* Begin XCBuildConfiguration section */
		E78F2C9F2A559978003518A6 /* Debug */ = {
			isa = XCBuildConfiguration;
			buildSettings = {
				ALWAYS_SEARCH_USER_PATHS = NO;
				CLANG_ANALYZER_NONNULL = YES;
				CLANG_ANALYZER_NUMBER_OBJECT_CONVERSION = YES_AGGRESSIVE;
				CLANG_CXX_LANGUAGE_STANDARD = "gnu++20";
				CLANG_ENABLE_MODULES = YES;
				CLANG_ENABLE_OBJC_ARC = YES;
				CLANG_ENABLE_OBJC_WEAK = YES;
				CLANG_WARN_BLOCK_CAPTURE_AUTORELEASING = YES;
				CLANG_WARN_BOOL_CONVERSION = YES;
				CLANG_WARN_COMMA = YES;
				CLANG_WARN_CONSTANT_CONVERSION = YES;
				CLANG_WARN_DEPRECATED_OBJC_IMPLEMENTATIONS = YES;
				CLANG_WARN_DIRECT_OBJC_ISA_USAGE = YES_ERROR;
				CLANG_WARN_DOCUMENTATION_COMMENTS = YES;
				CLANG_WARN_EMPTY_BODY = YES;
				CLANG_WARN_ENUM_CONVERSION = YES;
				CLANG_WARN_INFINITE_RECURSION = YES;
				CLANG_WARN_INT_CONVERSION = YES;
				CLANG_WARN_NON_LITERAL_NULL_CONVERSION = YES;
				CLANG_WARN_OBJC_IMPLICIT_RETAIN_SELF = YES;
				CLANG_WARN_OBJC_LITERAL_CONVERSION = YES;
				CLANG_WARN_OBJC_ROOT_CLASS = YES_ERROR;
				CLANG_WARN_QUOTED_INCLUDE_IN_FRAMEWORK_HEADER = YES;
				CLANG_WARN_RANGE_LOOP_ANALYSIS = YES;
				CLANG_WARN_STRICT_PROTOTYPES = YES;
				CLANG_WARN_SUSPICIOUS_MOVE = YES;
				CLANG_WARN_UNGUARDED_AVAILABILITY = YES_AGGRESSIVE;
				CLANG_WARN_UNREACHABLE_CODE = YES;
				CLANG_WARN__DUPLICATE_METHOD_MATCH = YES;
				COPY_PHASE_STRIP = NO;
				DEBUG_INFORMATION_FORMAT = dwarf;
				ENABLE_STRICT_OBJC_MSGSEND = YES;
				ENABLE_TESTABILITY = YES;
				GCC_C_LANGUAGE_STANDARD = gnu11;
				GCC_DYNAMIC_NO_PIC = NO;
				GCC_NO_COMMON_BLOCKS = YES;
				GCC_OPTIMIZATION_LEVEL = 0;
				GCC_PREPROCESSOR_DEFINITIONS = (
					"DEBUG=1",
					"$(inherited)",
				);
				GCC_WARN_64_TO_32_BIT_CONVERSION = YES;
				GCC_WARN_ABOUT_RETURN_TYPE = YES_ERROR;
				GCC_WARN_UNDECLARED_SELECTOR = YES;
				GCC_WARN_UNINITIALIZED_AUTOS = YES_AGGRESSIVE;
				GCC_WARN_UNUSED_FUNCTION = YES;
				GCC_WARN_UNUSED_VARIABLE = YES;
				IPHONEOS_DEPLOYMENT_TARGET = 16.4;
				MTL_ENABLE_DEBUG_INFO = INCLUDE_SOURCE;
				MTL_FAST_MATH = YES;
				ONLY_ACTIVE_ARCH = YES;
				SDKROOT = iphoneos;
				SWIFT_ACTIVE_COMPILATION_CONDITIONS = DEBUG;
				SWIFT_OPTIMIZATION_LEVEL = "-Onone";
			};
			name = Debug;
		};
		E78F2CA02A559978003518A6 /* Release */ = {
			isa = XCBuildConfiguration;
			buildSettings = {
				ALWAYS_SEARCH_USER_PATHS = NO;
				CLANG_ANALYZER_NONNULL = YES;
				CLANG_ANALYZER_NUMBER_OBJECT_CONVERSION = YES_AGGRESSIVE;
				CLANG_CXX_LANGUAGE_STANDARD = "gnu++20";
				CLANG_ENABLE_MODULES = YES;
				CLANG_ENABLE_OBJC_ARC = YES;
				CLANG_ENABLE_OBJC_WEAK = YES;
				CLANG_WARN_BLOCK_CAPTURE_AUTORELEASING = YES;
				CLANG_WARN_BOOL_CONVERSION = YES;
				CLANG_WARN_COMMA = YES;
				CLANG_WARN_CONSTANT_CONVERSION = YES;
				CLANG_WARN_DEPRECATED_OBJC_IMPLEMENTATIONS = YES;
				CLANG_WARN_DIRECT_OBJC_ISA_USAGE = YES_ERROR;
				CLANG_WARN_DOCUMENTATION_COMMENTS = YES;
				CLANG_WARN_EMPTY_BODY = YES;
				CLANG_WARN_ENUM_CONVERSION = YES;
				CLANG_WARN_INFINITE_RECURSION = YES;
				CLANG_WARN_INT_CONVERSION = YES;
				CLANG_WARN_NON_LITERAL_NULL_CONVERSION = YES;
				CLANG_WARN_OBJC_IMPLICIT_RETAIN_SELF = YES;
				CLANG_WARN_OBJC_LITERAL_CONVERSION = YES;
				CLANG_WARN_OBJC_ROOT_CLASS = YES_ERROR;
				CLANG_WARN_QUOTED_INCLUDE_IN_FRAMEWORK_HEADER = YES;
				CLANG_WARN_RANGE_LOOP_ANALYSIS = YES;
				CLANG_WARN_STRICT_PROTOTYPES = YES;
				CLANG_WARN_SUSPICIOUS_MOVE = YES;
				CLANG_WARN_UNGUARDED_AVAILABILITY = YES_AGGRESSIVE;
				CLANG_WARN_UNREACHABLE_CODE = YES;
				CLANG_WARN__DUPLICATE_METHOD_MATCH = YES;
				COPY_PHASE_STRIP = NO;
				DEBUG_INFORMATION_FORMAT = "dwarf-with-dsym";
				ENABLE_NS_ASSERTIONS = NO;
				ENABLE_STRICT_OBJC_MSGSEND = YES;
				GCC_C_LANGUAGE_STANDARD = gnu11;
				GCC_NO_COMMON_BLOCKS = YES;
				GCC_WARN_64_TO_32_BIT_CONVERSION = YES;
				GCC_WARN_ABOUT_RETURN_TYPE = YES_ERROR;
				GCC_WARN_UNDECLARED_SELECTOR = YES;
				GCC_WARN_UNINITIALIZED_AUTOS = YES_AGGRESSIVE;
				GCC_WARN_UNUSED_FUNCTION = YES;
				GCC_WARN_UNUSED_VARIABLE = YES;
				IPHONEOS_DEPLOYMENT_TARGET = 16.4;
				MTL_ENABLE_DEBUG_INFO = NO;
				MTL_FAST_MATH = YES;
				SDKROOT = iphoneos;
				SWIFT_COMPILATION_MODE = wholemodule;
				SWIFT_OPTIMIZATION_LEVEL = "-O";
				VALIDATE_PRODUCT = YES;
			};
			name = Release;
		};
		E78F2CA22A559978003518A6 /* Debug */ = {
			isa = XCBuildConfiguration;
			buildSettings = {
				ASSETCATALOG_COMPILER_APPICON_NAME = AppIcon;
				ASSETCATALOG_COMPILER_GLOBAL_ACCENT_COLOR_NAME = AccentColor;
				CODE_SIGN_STYLE = Automatic;
				CURRENT_PROJECT_VERSION = 1;
				DEVELOPMENT_ASSET_PATHS = "\"TravelJobFinder/Preview Content\"";
				DEVELOPMENT_TEAM = "";
				ENABLE_PREVIEWS = YES;
				GENERATE_INFOPLIST_FILE = YES;
				INFOPLIST_KEY_UIApplicationSceneManifest_Generation = YES;
				INFOPLIST_KEY_UIApplicationSupportsIndirectInputEvents = YES;
				INFOPLIST_KEY_UILaunchScreen_Generation = YES;
				INFOPLIST_KEY_UISupportedInterfaceOrientations_iPad = "UIInterfaceOrientationPortrait UIInterfaceOrientationPortraitUpsideDown UIInterfaceOrientationLandscapeLeft UIInterfaceOrientationLandscapeRight";
				INFOPLIST_KEY_UISupportedInterfaceOrientations_iPhone = "UIInterfaceOrientationPortrait UIInterfaceOrientationLandscapeLeft UIInterfaceOrientationLandscapeRight";
				LD_RUNPATH_SEARCH_PATHS = (
					"$(inherited)",
					"@executable_path/Frameworks",
				);
				MARKETING_VERSION = 1.0;
				PRODUCT_BUNDLE_IDENTIFIER = com.ChatApp.www.https.TravelJobFinder;
				PRODUCT_NAME = "$(TARGET_NAME)";
				SWIFT_EMIT_LOC_STRINGS = YES;
				SWIFT_VERSION = 5.0;
				TARGETED_DEVICE_FAMILY = "1,2";
			};
			name = Debug;
		};
		E78F2CA32A559978003518A6 /* Release */ = {
			isa = XCBuildConfiguration;
			buildSettings = {
				ASSETCATALOG_COMPILER_APPICON_NAME = AppIcon;
				ASSETCATALOG_COMPILER_GLOBAL_ACCENT_COLOR_NAME = AccentColor;
				CODE_SIGN_STYLE = Automatic;
				CURRENT_PROJECT_VERSION = 1;
				DEVELOPMENT_ASSET_PATHS = "\"TravelJobFinder/Preview Content\"";
				DEVELOPMENT_TEAM = "";
				ENABLE_PREVIEWS = YES;
				GENERATE_INFOPLIST_FILE = YES;
				INFOPLIST_KEY_UIApplicationSceneManifest_Generation = YES;
				INFOPLIST_KEY_UIApplicationSupportsIndirectInputEvents = YES;
				INFOPLIST_KEY_UILaunchScreen_Generation = YES;
				INFOPLIST_KEY_UISupportedInterfaceOrientations_iPad = "UIInterfaceOrientationPortrait UIInterfaceOrientationPortraitUpsideDown UIInterfaceOrientationLandscapeLeft UIInterfaceOrientationLandscapeRight";
				INFOPLIST_KEY_UISupportedInterfaceOrientations_iPhone = "UIInterfaceOrientationPortrait UIInterfaceOrientationLandscapeLeft UIInterfaceOrientationLandscapeRight";
				LD_RUNPATH_SEARCH_PATHS = (
					"$(inherited)",
					"@executable_path/Frameworks",
				);
				MARKETING_VERSION = 1.0;
				PRODUCT_BUNDLE_IDENTIFIER = com.ChatApp.www.https.TravelJobFinder;
				PRODUCT_NAME = "$(TARGET_NAME)";
				SWIFT_EMIT_LOC_STRINGS = YES;
				SWIFT_VERSION = 5.0;
				TARGETED_DEVICE_FAMILY = "1,2";
			};
			name = Release;
		};
		E78F2CA52A559978003518A6 /* Debug */ = {
			isa = XCBuildConfiguration;
			buildSettings = {
				ALWAYS_EMBED_SWIFT_STANDARD_LIBRARIES = YES;
				BUNDLE_LOADER = "$(TEST_HOST)";
				CODE_SIGN_STYLE = Automatic;
				CURRENT_PROJECT_VERSION = 1;
				DEVELOPMENT_TEAM = 55C3RLSR2Z;
				GENERATE_INFOPLIST_FILE = YES;
				IPHONEOS_DEPLOYMENT_TARGET = 16.4;
				MARKETING_VERSION = 1.0;
				PRODUCT_BUNDLE_IDENTIFIER = com.ChatApp.www.https.TravelJobFinderTests;
				PRODUCT_NAME = "$(TARGET_NAME)";
				SWIFT_EMIT_LOC_STRINGS = NO;
				SWIFT_VERSION = 5.0;
				TARGETED_DEVICE_FAMILY = "1,2";
				TEST_HOST = "$(BUILT_PRODUCTS_DIR)/TravelJobFinder.app/$(BUNDLE_EXECUTABLE_FOLDER_PATH)/TravelJobFinder";
			};
			name = Debug;
		};
		E78F2CA62A559978003518A6 /* Release */ = {
			isa = XCBuildConfiguration;
			buildSettings = {
				ALWAYS_EMBED_SWIFT_STANDARD_LIBRARIES = YES;
				BUNDLE_LOADER = "$(TEST_HOST)";
				CODE_SIGN_STYLE = Automatic;
				CURRENT_PROJECT_VERSION = 1;
				DEVELOPMENT_TEAM = 55C3RLSR2Z;
				GENERATE_INFOPLIST_FILE = YES;
				IPHONEOS_DEPLOYMENT_TARGET = 16.4;
				MARKETING_VERSION = 1.0;
				PRODUCT_BUNDLE_IDENTIFIER = com.ChatApp.www.https.TravelJobFinderTests;
				PRODUCT_NAME = "$(TARGET_NAME)";
				SWIFT_EMIT_LOC_STRINGS = NO;
				SWIFT_VERSION = 5.0;
				TARGETED_DEVICE_FAMILY = "1,2";
				TEST_HOST = "$(BUILT_PRODUCTS_DIR)/TravelJobFinder.app/$(BUNDLE_EXECUTABLE_FOLDER_PATH)/TravelJobFinder";
			};
			name = Release;
		};
		E78F2CA82A559978003518A6 /* Debug */ = {
			isa = XCBuildConfiguration;
			buildSettings = {
				ALWAYS_EMBED_SWIFT_STANDARD_LIBRARIES = YES;
				CODE_SIGN_STYLE = Automatic;
				CURRENT_PROJECT_VERSION = 1;
				DEVELOPMENT_TEAM = 55C3RLSR2Z;
				GENERATE_INFOPLIST_FILE = YES;
				MARKETING_VERSION = 1.0;
				PRODUCT_BUNDLE_IDENTIFIER = com.ChatApp.www.https.TravelJobFinderUITests;
				PRODUCT_NAME = "$(TARGET_NAME)";
				SWIFT_EMIT_LOC_STRINGS = NO;
				SWIFT_VERSION = 5.0;
				TARGETED_DEVICE_FAMILY = "1,2";
				TEST_TARGET_NAME = TravelJobFinder;
			};
			name = Debug;
		};
		E78F2CA92A559978003518A6 /* Release */ = {
			isa = XCBuildConfiguration;
			buildSettings = {
				ALWAYS_EMBED_SWIFT_STANDARD_LIBRARIES = YES;
				CODE_SIGN_STYLE = Automatic;
				CURRENT_PROJECT_VERSION = 1;
				DEVELOPMENT_TEAM = 55C3RLSR2Z;
				GENERATE_INFOPLIST_FILE = YES;
				MARKETING_VERSION = 1.0;
				PRODUCT_BUNDLE_IDENTIFIER = com.ChatApp.www.https.TravelJobFinderUITests;
				PRODUCT_NAME = "$(TARGET_NAME)";
				SWIFT_EMIT_LOC_STRINGS = NO;
				SWIFT_VERSION = 5.0;
				TARGETED_DEVICE_FAMILY = "1,2";
				TEST_TARGET_NAME = TravelJobFinder;
			};
			name = Release;
		};
/* End XCBuildConfiguration section */

/* Begin XCConfigurationList section */
		E78F2C782A559976003518A6 /* Build configuration list for PBXProject "TravelJobFinder" */ = {
			isa = XCConfigurationList;
			buildConfigurations = (
				E78F2C9F2A559978003518A6 /* Debug */,
				E78F2CA02A559978003518A6 /* Release */,
			);
			defaultConfigurationIsVisible = 0;
			defaultConfigurationName = Release;
		};
		E78F2CA12A559978003518A6 /* Build configuration list for PBXNativeTarget "TravelJobFinder" */ = {
			isa = XCConfigurationList;
			buildConfigurations = (
				E78F2CA22A559978003518A6 /* Debug */,
				E78F2CA32A559978003518A6 /* Release */,
			);
			defaultConfigurationIsVisible = 0;
			defaultConfigurationName = Release;
		};
		E78F2CA42A559978003518A6 /* Build configuration list for PBXNativeTarget "TravelJobFinderTests" */ = {
			isa = XCConfigurationList;
			buildConfigurations = (
				E78F2CA52A559978003518A6 /* Debug */,
				E78F2CA62A559978003518A6 /* Release */,
			);
			defaultConfigurationIsVisible = 0;
			defaultConfigurationName = Release;
		};
		E78F2CA72A559978003518A6 /* Build configuration list for PBXNativeTarget "TravelJobFinderUITests" */ = {
			isa = XCConfigurationList;
			buildConfigurations = (
				E78F2CA82A559978003518A6 /* Debug */,
				E78F2CA92A559978003518A6 /* Release */,
			);
			defaultConfigurationIsVisible = 0;
			defaultConfigurationName = Release;
		};
/* End XCConfigurationList section */

/* Begin XCRemoteSwiftPackageReference section */
		E78F2CBA2A55A562003518A6 /* XCRemoteSwiftPackageReference "firebase-ios-sdk" */ = {
			isa = XCRemoteSwiftPackageReference;
			repositoryURL = "https://github.com/firebase/firebase-ios-sdk.git";
			requirement = {
				kind = upToNextMajorVersion;
				minimumVersion = 10.0.0;
			};
		};
		E78F2D092A5A334F003518A6 /* XCRemoteSwiftPackageReference "Alamofire" */ = {
			isa = XCRemoteSwiftPackageReference;
			repositoryURL = "https://github.com/Alamofire/Alamofire.git";
			requirement = {
				kind = upToNextMajorVersion;
				minimumVersion = 5.0.0;
			};
		};
/* End XCRemoteSwiftPackageReference section */

/* Begin XCSwiftPackageProductDependency section */
		E78F2CBB2A55A562003518A6 /* FirebaseAuth */ = {
			isa = XCSwiftPackageProductDependency;
			package = E78F2CBA2A55A562003518A6 /* XCRemoteSwiftPackageReference "firebase-ios-sdk" */;
			productName = FirebaseAuth;
		};
		E78F2CBD2A55A562003518A6 /* FirebaseDatabase */ = {
			isa = XCSwiftPackageProductDependency;
			package = E78F2CBA2A55A562003518A6 /* XCRemoteSwiftPackageReference "firebase-ios-sdk" */;
			productName = FirebaseDatabase;
		};
		E78F2CBF2A55A562003518A6 /* FirebaseDatabaseSwift */ = {
			isa = XCSwiftPackageProductDependency;
			package = E78F2CBA2A55A562003518A6 /* XCRemoteSwiftPackageReference "firebase-ios-sdk" */;
			productName = FirebaseDatabaseSwift;
		};
		E78F2CC12A55A562003518A6 /* FirebaseFirestore */ = {
			isa = XCSwiftPackageProductDependency;
			package = E78F2CBA2A55A562003518A6 /* XCRemoteSwiftPackageReference "firebase-ios-sdk" */;
			productName = FirebaseFirestore;
		};
		E78F2CC32A55A562003518A6 /* FirebaseFirestoreSwift */ = {
			isa = XCSwiftPackageProductDependency;
			package = E78F2CBA2A55A562003518A6 /* XCRemoteSwiftPackageReference "firebase-ios-sdk" */;
			productName = FirebaseFirestoreSwift;
		};
		E78F2CC52A55A562003518A6 /* FirebaseStorage */ = {
			isa = XCSwiftPackageProductDependency;
			package = E78F2CBA2A55A562003518A6 /* XCRemoteSwiftPackageReference "firebase-ios-sdk" */;
			productName = FirebaseStorage;
		};
		E78F2D0A2A5A334F003518A6 /* Alamofire */ = {
			isa = XCSwiftPackageProductDependency;
			package = E78F2D092A5A334F003518A6 /* XCRemoteSwiftPackageReference "Alamofire" */;
			productName = Alamofire;
		};
/* End XCSwiftPackageProductDependency section */

/* Begin XCVersionGroup section */
		E78F2D352A5B42B1003518A6 /* MemberContainer.xcdatamodeld */ = {
			isa = XCVersionGroup;
			children = (
				E78F2D362A5B42B1003518A6 /* MemberContainer.xcdatamodel */,
			);
			currentVersion = E78F2D362A5B42B1003518A6 /* MemberContainer.xcdatamodel */;
			path = MemberContainer.xcdatamodeld;
			sourceTree = "<group>";
			versionGroupType = wrapper.xcdatamodel;
		};
/* End XCVersionGroup section */
	};
	rootObject = E78F2C752A559976003518A6 /* Project object */;
}
